// !$*UTF8*$!
{
	archiveVersion = 1;
	classes = {
	};
	objectVersion = 77;
	objects = {

/* Begin PBXBuildFile section */
		17E627D02DE1BAD5007AB692 /* ItemApp.xctestplan in Resources */ = {isa = PBXBuildFile; fileRef = 17E627CF2DE1BAD5007AB692 /* ItemApp.xctestplan */; };
/* End PBXBuildFile section */

/* Begin PBXContainerItemProxy section */
		173F168F2DD2250E0091B327 /* PBXContainerItemProxy */ = {
			isa = PBXContainerItemProxy;
			containerPortal = 173F16792DD2250C0091B327 /* Project object */;
			proxyType = 1;
			remoteGlobalIDString = 173F16802DD2250C0091B327;
			remoteInfo = ItemApp;
		};
		173F16992DD2250E0091B327 /* PBXContainerItemProxy */ = {
			isa = PBXContainerItemProxy;
			containerPortal = 173F16792DD2250C0091B327 /* Project object */;
			proxyType = 1;
			remoteGlobalIDString = 173F16802DD2250C0091B327;
			remoteInfo = ItemApp;
		};
/* End PBXContainerItemProxy section */

/* Begin PBXFileReference section */
		173F16812DD2250C0091B327 /* ItemApp.app */ = {isa = PBXFileReference; explicitFileType = wrapper.application; includeInIndex = 0; path = ItemApp.app; sourceTree = BUILT_PRODUCTS_DIR; };
		173F168E2DD2250E0091B327 /* ItemAppTests.xctest */ = {isa = PBXFileReference; explicitFileType = wrapper.cfbundle; includeInIndex = 0; path = ItemAppTests.xctest; sourceTree = BUILT_PRODUCTS_DIR; };
		173F16982DD2250E0091B327 /* ItemAppUITests.xctest */ = {isa = PBXFileReference; explicitFileType = wrapper.cfbundle; includeInIndex = 0; path = ItemAppUITests.xctest; sourceTree = BUILT_PRODUCTS_DIR; };
		17E627CF2DE1BAD5007AB692 /* ItemApp.xctestplan */ = {isa = PBXFileReference; lastKnownFileType = text; path = ItemApp.xctestplan; sourceTree = "<group>"; };
/* End PBXFileReference section */

/* Begin PBXFileSystemSynchronizedBuildFileExceptionSet section */
		EE36CAEF2E28609C003BADFE /* Exceptions for "ItemApp" folder in "ItemAppUITests" target */ = {
			isa = PBXFileSystemSynchronizedBuildFileExceptionSet;
			membershipExceptions = (
				UIIdentifiers.swift,
			);
			target = 173F16972DD2250E0091B327 /* ItemAppUITests */;
		};
/* End PBXFileSystemSynchronizedBuildFileExceptionSet section */

/* Begin PBXFileSystemSynchronizedRootGroup section */
		173F16832DD2250C0091B327 /* ItemApp */ = {
			isa = PBXFileSystemSynchronizedRootGroup;
			exceptions = (
				EE36CAEF2E28609C003BADFE /* Exceptions for "ItemApp" folder in "ItemAppUITests" target */,
			);
			path = ItemApp;
			sourceTree = "<group>";
		};
		173F16912DD2250E0091B327 /* ItemAppTests */ = {
			isa = PBXFileSystemSynchronizedRootGroup;
			path = ItemAppTests;
			sourceTree = "<group>";
		};
		173F169B2DD2250E0091B327 /* ItemAppUITests */ = {
			isa = PBXFileSystemSynchronizedRootGroup;
			path = ItemAppUITests;
			sourceTree = "<group>";
		};
/* End PBXFileSystemSynchronizedRootGroup section */

/* Begin PBXFrameworksBuildPhase section */
		173F167E2DD2250C0091B327 /* Frameworks */ = {
			isa = PBXFrameworksBuildPhase;
			buildActionMask = 2147483647;
			files = (
			);
			runOnlyForDeploymentPostprocessing = 0;
		};
		173F168B2DD2250E0091B327 /* Frameworks */ = {
			isa = PBXFrameworksBuildPhase;
			buildActionMask = 2147483647;
			files = (
			);
			runOnlyForDeploymentPostprocessing = 0;
		};
		173F16952DD2250E0091B327 /* Frameworks */ = {
			isa = PBXFrameworksBuildPhase;
			buildActionMask = 2147483647;
			files = (
			);
			runOnlyForDeploymentPostprocessing = 0;
		};
/* End PBXFrameworksBuildPhase section */

/* Begin PBXGroup section */
		173F16782DD2250C0091B327 = {
			isa = PBXGroup;
			children = (
				17E627CF2DE1BAD5007AB692 /* ItemApp.xctestplan */,
				173F16832DD2250C0091B327 /* ItemApp */,
				173F16912DD2250E0091B327 /* ItemAppTests */,
				173F169B2DD2250E0091B327 /* ItemAppUITests */,
				173F16822DD2250C0091B327 /* Products */,
			);
			sourceTree = "<group>";
		};
		173F16822DD2250C0091B327 /* Products */ = {
			isa = PBXGroup;
			children = (
				173F16812DD2250C0091B327 /* ItemApp.app */,
				173F168E2DD2250E0091B327 /* ItemAppTests.xctest */,
				173F16982DD2250E0091B327 /* ItemAppUITests.xctest */,
			);
			name = Products;
			sourceTree = "<group>";
		};
/* End PBXGroup section */

/* Begin PBXNativeTarget section */
		173F16802DD2250C0091B327 /* ItemApp */ = {
			isa = PBXNativeTarget;
			buildConfigurationList = 173F16A22DD2250E0091B327 /* Build configuration list for PBXNativeTarget "ItemApp" */;
			buildPhases = (
				173F167D2DD2250C0091B327 /* Sources */,
				173F167E2DD2250C0091B327 /* Frameworks */,
				173F167F2DD2250C0091B327 /* Resources */,
			);
			buildRules = (
			);
			dependencies = (
			);
			fileSystemSynchronizedGroups = (
				173F16832DD2250C0091B327 /* ItemApp */,
			);
			name = ItemApp;
			packageProductDependencies = (
			);
			productName = ItemApp;
			productReference = 173F16812DD2250C0091B327 /* ItemApp.app */;
			productType = "com.apple.product-type.application";
		};
		173F168D2DD2250E0091B327 /* ItemAppTests */ = {
			isa = PBXNativeTarget;
			buildConfigurationList = 173F16A52DD2250E0091B327 /* Build configuration list for PBXNativeTarget "ItemAppTests" */;
			buildPhases = (
				173F168A2DD2250E0091B327 /* Sources */,
				173F168B2DD2250E0091B327 /* Frameworks */,
				173F168C2DD2250E0091B327 /* Resources */,
			);
			buildRules = (
			);
			dependencies = (
				173F16902DD2250E0091B327 /* PBXTargetDependency */,
			);
			fileSystemSynchronizedGroups = (
				173F16912DD2250E0091B327 /* ItemAppTests */,
			);
			name = ItemAppTests;
			packageProductDependencies = (
			);
			productName = ItemAppTests;
			productReference = 173F168E2DD2250E0091B327 /* ItemAppTests.xctest */;
			productType = "com.apple.product-type.bundle.unit-test";
		};
		173F16972DD2250E0091B327 /* ItemAppUITests */ = {
			isa = PBXNativeTarget;
			buildConfigurationList = 173F16A82DD2250E0091B327 /* Build configuration list for PBXNativeTarget "ItemAppUITests" */;
			buildPhases = (
				173F16942DD2250E0091B327 /* Sources */,
				173F16952DD2250E0091B327 /* Frameworks */,
				173F16962DD2250E0091B327 /* Resources */,
			);
			buildRules = (
			);
			dependencies = (
				173F169A2DD2250E0091B327 /* PBXTargetDependency */,
			);
			fileSystemSynchronizedGroups = (
				173F169B2DD2250E0091B327 /* ItemAppUITests */,
			);
			name = ItemAppUITests;
			packageProductDependencies = (
			);
			productName = ItemAppUITests;
			productReference = 173F16982DD2250E0091B327 /* ItemAppUITests.xctest */;
			productType = "com.apple.product-type.bundle.ui-testing";
		};
/* End PBXNativeTarget section */

/* Begin PBXProject section */
		173F16792DD2250C0091B327 /* Project object */ = {
			isa = PBXProject;
			attributes = {
				BuildIndependentTargetsInParallel = 1;
				LastSwiftUpdateCheck = 1630;
				LastUpgradeCheck = 1630;
				TargetAttributes = {
					173F16802DD2250C0091B327 = {
						CreatedOnToolsVersion = 16.3;
					};
					173F168D2DD2250E0091B327 = {
						CreatedOnToolsVersion = 16.3;
						TestTargetID = 173F16802DD2250C0091B327;
					};
					173F16972DD2250E0091B327 = {
						CreatedOnToolsVersion = 16.3;
						TestTargetID = 173F16802DD2250C0091B327;
					};
				};
			};
			buildConfigurationList = 173F167C2DD2250C0091B327 /* Build configuration list for PBXProject "ItemApp" */;
			developmentRegion = en;
			hasScannedForEncodings = 0;
			knownRegions = (
				en,
				Base,
			);
			mainGroup = 173F16782DD2250C0091B327;
			minimizedProjectReferenceProxies = 1;
			preferredProjectObjectVersion = 77;
			productRefGroup = 173F16822DD2250C0091B327 /* Products */;
			projectDirPath = "";
			projectRoot = "";
			targets = (
				173F16802DD2250C0091B327 /* ItemApp */,
				173F168D2DD2250E0091B327 /* ItemAppTests */,
				173F16972DD2250E0091B327 /* ItemAppUITests */,
			);
		};
/* End PBXProject section */

/* Begin PBXResourcesBuildPhase section */
		173F167F2DD2250C0091B327 /* Resources */ = {
			isa = PBXResourcesBuildPhase;
			buildActionMask = 2147483647;
			files = (
				17E627D02DE1BAD5007AB692 /* ItemApp.xctestplan in Resources */,
			);
			runOnlyForDeploymentPostprocessing = 0;
		};
		173F168C2DD2250E0091B327 /* Resources */ = {
			isa = PBXResourcesBuildPhase;
			buildActionMask = 2147483647;
			files = (
			);
			runOnlyForDeploymentPostprocessing = 0;
		};
		173F16962DD2250E0091B327 /* Resources */ = {
			isa = PBXResourcesBuildPhase;
			buildActionMask = 2147483647;
			files = (
			);
			runOnlyForDeploymentPostprocessing = 0;
		};
/* End PBXResourcesBuildPhase section */

/* Begin PBXSourcesBuildPhase section */
		173F167D2DD2250C0091B327 /* Sources */ = {
			isa = PBXSourcesBuildPhase;
			buildActionMask = 2147483647;
			files = (
			);
			runOnlyForDeploymentPostprocessing = 0;
		};
		173F168A2DD2250E0091B327 /* Sources */ = {
			isa = PBXSourcesBuildPhase;
			buildActionMask = 2147483647;
			files = (
			);
			runOnlyForDeploymentPostprocessing = 0;
		};
		173F16942DD2250E0091B327 /* Sources */ = {
			isa = PBXSourcesBuildPhase;
			buildActionMask = 2147483647;
			files = (
			);
			runOnlyForDeploymentPostprocessing = 0;
		};
/* End PBXSourcesBuildPhase section */

/* Begin PBXTargetDependency section */
		173F16902DD2250E0091B327 /* PBXTargetDependency */ = {
			isa = PBXTargetDependency;
			target = 173F16802DD2250C0091B327 /* ItemApp */;
			targetProxy = 173F168F2DD2250E0091B327 /* PBXContainerItemProxy */;
		};
		173F169A2DD2250E0091B327 /* PBXTargetDependency */ = {
			isa = PBXTargetDependency;
			target = 173F16802DD2250C0091B327 /* ItemApp */;
			targetProxy = 173F16992DD2250E0091B327 /* PBXContainerItemProxy */;
		};
/* End PBXTargetDependency section */

/* Begin XCBuildConfiguration section */
		173F16A02DD2250E0091B327 /* Debug */ = {
			isa = XCBuildConfiguration;
			buildSettings = {
				ALWAYS_SEARCH_USER_PATHS = NO;
				ASSETCATALOG_COMPILER_GENERATE_SWIFT_ASSET_SYMBOL_EXTENSIONS = YES;
				CLANG_ANALYZER_NONNULL = YES;
				CLANG_ANALYZER_NUMBER_OBJECT_CONVERSION = YES_AGGRESSIVE;
				CLANG_CXX_LANGUAGE_STANDARD = "gnu++20";
				CLANG_ENABLE_MODULES = YES;
				CLANG_ENABLE_OBJC_ARC = YES;
				CLANG_ENABLE_OBJC_WEAK = YES;
				CLANG_WARN_BLOCK_CAPTURE_AUTORELEASING = YES;
				CLANG_WARN_BOOL_CONVERSION = YES;
				CLANG_WARN_COMMA = YES;
				CLANG_WARN_CONSTANT_CONVERSION = YES;
				CLANG_WARN_DEPRECATED_OBJC_IMPLEMENTATIONS = YES;
				CLANG_WARN_DIRECT_OBJC_ISA_USAGE = YES_ERROR;
				CLANG_WARN_DOCUMENTATION_COMMENTS = YES;
				CLANG_WARN_EMPTY_BODY = YES;
				CLANG_WARN_ENUM_CONVERSION = YES;
				CLANG_WARN_INFINITE_RECURSION = YES;
				CLANG_WARN_INT_CONVERSION = YES;
				CLANG_WARN_NON_LITERAL_NULL_CONVERSION = YES;
				CLANG_WARN_OBJC_IMPLICIT_RETAIN_SELF = YES;
				CLANG_WARN_OBJC_LITERAL_CONVERSION = YES;
				CLANG_WARN_OBJC_ROOT_CLASS = YES_ERROR;
				CLANG_WARN_QUOTED_INCLUDE_IN_FRAMEWORK_HEADER = YES;
				CLANG_WARN_RANGE_LOOP_ANALYSIS = YES;
				CLANG_WARN_STRICT_PROTOTYPES = YES;
				CLANG_WARN_SUSPICIOUS_MOVE = YES;
				CLANG_WARN_UNGUARDED_AVAILABILITY = YES_AGGRESSIVE;
				CLANG_WARN_UNREACHABLE_CODE = YES;
				CLANG_WARN__DUPLICATE_METHOD_MATCH = YES;
				COPY_PHASE_STRIP = NO;
				DEBUG_INFORMATION_FORMAT = dwarf;
				DEVELOPMENT_TEAM = 54YLWD89Z8;
				ENABLE_STRICT_OBJC_MSGSEND = YES;
				ENABLE_TESTABILITY = YES;
				ENABLE_USER_SCRIPT_SANDBOXING = YES;
				GCC_C_LANGUAGE_STANDARD = gnu17;
				GCC_DYNAMIC_NO_PIC = NO;
				GCC_NO_COMMON_BLOCKS = YES;
				GCC_OPTIMIZATION_LEVEL = 0;
				GCC_PREPROCESSOR_DEFINITIONS = (
					"DEBUG=1",
					"$(inherited)",
				);
				GCC_WARN_64_TO_32_BIT_CONVERSION = YES;
				GCC_WARN_ABOUT_RETURN_TYPE = YES_ERROR;
				GCC_WARN_UNDECLARED_SELECTOR = YES;
				GCC_WARN_UNINITIALIZED_AUTOS = YES_AGGRESSIVE;
				GCC_WARN_UNUSED_FUNCTION = YES;
				GCC_WARN_UNUSED_VARIABLE = YES;
				IPHONEOS_DEPLOYMENT_TARGET = 18.4;
				LOCALIZATION_PREFERS_STRING_CATALOGS = YES;
				MTL_ENABLE_DEBUG_INFO = INCLUDE_SOURCE;
				MTL_FAST_MATH = YES;
				ONLY_ACTIVE_ARCH = YES;
				SDKROOT = iphoneos;
				SWIFT_ACTIVE_COMPILATION_CONDITIONS = "DEBUG $(inherited)";
				SWIFT_OPTIMIZATION_LEVEL = "-Onone";
			};
			name = Debug;
		};
		173F16A12DD2250E0091B327 /* Release */ = {
			isa = XCBuildConfiguration;
			buildSettings = {
				ALWAYS_SEARCH_USER_PATHS = NO;
				ASSETCATALOG_COMPILER_GENERATE_SWIFT_ASSET_SYMBOL_EXTENSIONS = YES;
				CLANG_ANALYZER_NONNULL = YES;
				CLANG_ANALYZER_NUMBER_OBJECT_CONVERSION = YES_AGGRESSIVE;
				CLANG_CXX_LANGUAGE_STANDARD = "gnu++20";
				CLANG_ENABLE_MODULES = YES;
				CLANG_ENABLE_OBJC_ARC = YES;
				CLANG_ENABLE_OBJC_WEAK = YES;
				CLANG_WARN_BLOCK_CAPTURE_AUTORELEASING = YES;
				CLANG_WARN_BOOL_CONVERSION = YES;
				CLANG_WARN_COMMA = YES;
				CLANG_WARN_CONSTANT_CONVERSION = YES;
				CLANG_WARN_DEPRECATED_OBJC_IMPLEMENTATIONS = YES;
				CLANG_WARN_DIRECT_OBJC_ISA_USAGE = YES_ERROR;
				CLANG_WARN_DOCUMENTATION_COMMENTS = YES;
				CLANG_WARN_EMPTY_BODY = YES;
				CLANG_WARN_ENUM_CONVERSION = YES;
				CLANG_WARN_INFINITE_RECURSION = YES;
				CLANG_WARN_INT_CONVERSION = YES;
				CLANG_WARN_NON_LITERAL_NULL_CONVERSION = YES;
				CLANG_WARN_OBJC_IMPLICIT_RETAIN_SELF = YES;
				CLANG_WARN_OBJC_LITERAL_CONVERSION = YES;
				CLANG_WARN_OBJC_ROOT_CLASS = YES_ERROR;
				CLANG_WARN_QUOTED_INCLUDE_IN_FRAMEWORK_HEADER = YES;
				CLANG_WARN_RANGE_LOOP_ANALYSIS = YES;
				CLANG_WARN_STRICT_PROTOTYPES = YES;
				CLANG_WARN_SUSPICIOUS_MOVE = YES;
				CLANG_WARN_UNGUARDED_AVAILABILITY = YES_AGGRESSIVE;
				CLANG_WARN_UNREACHABLE_CODE = YES;
				CLANG_WARN__DUPLICATE_METHOD_MATCH = YES;
				COPY_PHASE_STRIP = NO;
				DEBUG_INFORMATION_FORMAT = "dwarf-with-dsym";
				DEVELOPMENT_TEAM = 54YLWD89Z8;
				ENABLE_NS_ASSERTIONS = NO;
				ENABLE_STRICT_OBJC_MSGSEND = YES;
				ENABLE_USER_SCRIPT_SANDBOXING = YES;
				GCC_C_LANGUAGE_STANDARD = gnu17;
				GCC_NO_COMMON_BLOCKS = YES;
				GCC_WARN_64_TO_32_BIT_CONVERSION = YES;
				GCC_WARN_ABOUT_RETURN_TYPE = YES_ERROR;
				GCC_WARN_UNDECLARED_SELECTOR = YES;
				GCC_WARN_UNINITIALIZED_AUTOS = YES_AGGRESSIVE;
				GCC_WARN_UNUSED_FUNCTION = YES;
				GCC_WARN_UNUSED_VARIABLE = YES;
				IPHONEOS_DEPLOYMENT_TARGET = 18.4;
				LOCALIZATION_PREFERS_STRING_CATALOGS = YES;
				MTL_ENABLE_DEBUG_INFO = NO;
				MTL_FAST_MATH = YES;
				SDKROOT = iphoneos;
				SWIFT_COMPILATION_MODE = wholemodule;
				VALIDATE_PRODUCT = YES;
			};
			name = Release;
		};
		173F16A32DD2250E0091B327 /* Debug */ = {
			isa = XCBuildConfiguration;
			buildSettings = {
				ASSETCATALOG_COMPILER_APPICON_NAME = AppIcon;
				ASSETCATALOG_COMPILER_GLOBAL_ACCENT_COLOR_NAME = AccentColor;
				CODE_SIGN_STYLE = Automatic;
				CURRENT_PROJECT_VERSION = 1;
				DEVELOPMENT_TEAM = 54YLWD89Z8;
				ENABLE_PREVIEWS = YES;
				GENERATE_INFOPLIST_FILE = YES;
				INFOPLIST_KEY_UIApplicationSceneManifest_Generation = YES;
				INFOPLIST_KEY_UIApplicationSupportsIndirectInputEvents = YES;
				INFOPLIST_KEY_UILaunchScreen_Generation = YES;
				INFOPLIST_KEY_UISupportedInterfaceOrientations_iPad = "UIInterfaceOrientationPortrait UIInterfaceOrientationPortraitUpsideDown UIInterfaceOrientationLandscapeLeft UIInterfaceOrientationLandscapeRight";
				INFOPLIST_KEY_UISupportedInterfaceOrientations_iPhone = "UIInterfaceOrientationPortrait UIInterfaceOrientationLandscapeLeft UIInterfaceOrientationLandscapeRight";
				LD_RUNPATH_SEARCH_PATHS = (
					"$(inherited)",
					"@executable_path/Frameworks",
				);
				MARKETING_VERSION = 1.0;
				PRODUCT_BUNDLE_IDENTIFIER = com.karinprater.ItemApp;
				PRODUCT_NAME = "$(TARGET_NAME)";
				SWIFT_EMIT_LOC_STRINGS = YES;
				SWIFT_VERSION = 5.0;
				TARGETED_DEVICE_FAMILY = "1,2";
			};
			name = Debug;
		};
		173F16A42DD2250E0091B327 /* Release */ = {
			isa = XCBuildConfiguration;
			buildSettings = {
				ASSETCATALOG_COMPILER_APPICON_NAME = AppIcon;
				ASSETCATALOG_COMPILER_GLOBAL_ACCENT_COLOR_NAME = AccentColor;
				CODE_SIGN_STYLE = Automatic;
				CURRENT_PROJECT_VERSION = 1;
				DEVELOPMENT_TEAM = 54YLWD89Z8;
				ENABLE_PREVIEWS = YES;
				GENERATE_INFOPLIST_FILE = YES;
				INFOPLIST_KEY_UIApplicationSceneManifest_Generation = YES;
				INFOPLIST_KEY_UIApplicationSupportsIndirectInputEvents = YES;
				INFOPLIST_KEY_UILaunchScreen_Generation = YES;
				INFOPLIST_KEY_UISupportedInterfaceOrientations_iPad = "UIInterfaceOrientationPortrait UIInterfaceOrientationPortraitUpsideDown UIInterfaceOrientationLandscapeLeft UIInterfaceOrientationLandscapeRight";
				INFOPLIST_KEY_UISupportedInterfaceOrientations_iPhone = "UIInterfaceOrientationPortrait UIInterfaceOrientationLandscapeLeft UIInterfaceOrientationLandscapeRight";
				LD_RUNPATH_SEARCH_PATHS = (
					"$(inherited)",
					"@executable_path/Frameworks",
				);
				MARKETING_VERSION = 1.0;
				PRODUCT_BUNDLE_IDENTIFIER = com.karinprater.ItemApp;
				PRODUCT_NAME = "$(TARGET_NAME)";
				SWIFT_EMIT_LOC_STRINGS = YES;
				SWIFT_VERSION = 5.0;
				TARGETED_DEVICE_FAMILY = "1,2";
			};
			name = Release;
		};
		173F16A62DD2250E0091B327 /* Debug */ = {
			isa = XCBuildConfiguration;
			buildSettings = {
				BUNDLE_LOADER = "$(TEST_HOST)";
				CODE_SIGN_STYLE = Automatic;
				CURRENT_PROJECT_VERSION = 1;
				DEVELOPMENT_TEAM = 54YLWD89Z8;
				GENERATE_INFOPLIST_FILE = YES;
				IPHONEOS_DEPLOYMENT_TARGET = 18.4;
				MARKETING_VERSION = 1.0;
				PRODUCT_BUNDLE_IDENTIFIER = com.karinprater.ItemAppTests;
				PRODUCT_NAME = "$(TARGET_NAME)";
				SWIFT_EMIT_LOC_STRINGS = NO;
				SWIFT_VERSION = 5.0;
				TARGETED_DEVICE_FAMILY = "1,2";
				TEST_HOST = "$(BUILT_PRODUCTS_DIR)/ItemApp.app/$(BUNDLE_EXECUTABLE_FOLDER_PATH)/ItemApp";
			};
			name = Debug;
		};
		173F16A72DD2250E0091B327 /* Release */ = {
			isa = XCBuildConfiguration;
			buildSettings = {
				BUNDLE_LOADER = "$(TEST_HOST)";
				CODE_SIGN_STYLE = Automatic;
				CURRENT_PROJECT_VERSION = 1;
				DEVELOPMENT_TEAM = 54YLWD89Z8;
				GENERATE_INFOPLIST_FILE = YES;
				IPHONEOS_DEPLOYMENT_TARGET = 18.4;
				MARKETING_VERSION = 1.0;
				PRODUCT_BUNDLE_IDENTIFIER = com.karinprater.ItemAppTests;
				PRODUCT_NAME = "$(TARGET_NAME)";
				SWIFT_EMIT_LOC_STRINGS = NO;
				SWIFT_VERSION = 5.0;
				TARGETED_DEVICE_FAMILY = "1,2";
				TEST_HOST = "$(BUILT_PRODUCTS_DIR)/ItemApp.app/$(BUNDLE_EXECUTABLE_FOLDER_PATH)/ItemApp";
			};
			name = Release;
		};
		173F16A92DD2250E0091B327 /* Debug */ = {
			isa = XCBuildConfiguration;
			buildSettings = {
				CODE_SIGN_STYLE = Automatic;
				CURRENT_PROJECT_VERSION = 1;
				DEVELOPMENT_TEAM = 54YLWD89Z8;
				GENERATE_INFOPLIST_FILE = YES;
				MARKETING_VERSION = 1.0;
				PRODUCT_BUNDLE_IDENTIFIER = com.karinprater.ItemAppUITests;
				PRODUCT_NAME = "$(TARGET_NAME)";
				SWIFT_EMIT_LOC_STRINGS = NO;
				SWIFT_VERSION = 5.0;
				TARGETED_DEVICE_FAMILY = "1,2";
				TEST_TARGET_NAME = ItemApp;
			};
			name = Debug;
		};
		173F16AA2DD2250E0091B327 /* Release */ = {
			isa = XCBuildConfiguration;
			buildSettings = {
				CODE_SIGN_STYLE = Automatic;
				CURRENT_PROJECT_VERSION = 1;
				DEVELOPMENT_TEAM = 54YLWD89Z8;
				GENERATE_INFOPLIST_FILE = YES;
				MARKETING_VERSION = 1.0;
				PRODUCT_BUNDLE_IDENTIFIER = com.karinprater.ItemAppUITests;
				PRODUCT_NAME = "$(TARGET_NAME)";
				SWIFT_EMIT_LOC_STRINGS = NO;
				SWIFT_VERSION = 5.0;
				TARGETED_DEVICE_FAMILY = "1,2";
				TEST_TARGET_NAME = ItemApp;
			};
			name = Release;
		};
/* End XCBuildConfiguration section */

/* Begin XCConfigurationList section */
		173F167C2DD2250C0091B327 /* Build configuration list for PBXProject "ItemApp" */ = {
			isa = XCConfigurationList;
			buildConfigurations = (
				173F16A02DD2250E0091B327 /* Debug */,
				173F16A12DD2250E0091B327 /* Release */,
			);
			defaultConfigurationIsVisible = 0;
			defaultConfigurationName = Release;
		};
		173F16A22DD2250E0091B327 /* Build configuration list for PBXNativeTarget "ItemApp" */ = {
			isa = XCConfigurationList;
			buildConfigurations = (
				173F16A32DD2250E0091B327 /* Debug */,
				173F16A42DD2250E0091B327 /* Release */,
			);
			defaultConfigurationIsVisible = 0;
			defaultConfigurationName = Release;
		};
		173F16A52DD2250E0091B327 /* Build configuration list for PBXNativeTarget "ItemAppTests" */ = {
			isa = XCConfigurationList;
			buildConfigurations = (
				173F16A62DD2250E0091B327 /* Debug */,
				173F16A72DD2250E0091B327 /* Release */,
			);
			defaultConfigurationIsVisible = 0;
			defaultConfigurationName = Release;
		};
		173F16A82DD2250E0091B327 /* Build configuration list for PBXNativeTarget "ItemAppUITests" */ = {
			isa = XCConfigurationList;
			buildConfigurations = (
				173F16A92DD2250E0091B327 /* Debug */,
				173F16AA2DD2250E0091B327 /* Release */,
			);
			defaultConfigurationIsVisible = 0;
			defaultConfigurationName = Release;
		};
/* End XCConfigurationList section */
	};
	rootObject = 173F16792DD2250C0091B327 /* Project object */;
}
